// !$*UTF8*$!
{
	archiveVersion = 1;
	classes = {
	};
	objectVersion = 46;
	objects = {

/* Begin PBXBuildFile section */
		AF33A5DC17FB531B00326520 /* libsqlite3.0.dylib in Frameworks */ = {isa = PBXBuildFile; fileRef = AF33A5DB17FB531B00326520 /* libsqlite3.0.dylib */; };
		AF33A5DE17FB532500326520 /* libsqlite3.dylib in Frameworks */ = {isa = PBXBuildFile; fileRef = AF33A5DD17FB532500326520 /* libsqlite3.dylib */; };
		AF33A5E117FB540200326520 /* Worker.m in Sources */ = {isa = PBXBuildFile; fileRef = AF33A5E017FB540200326520 /* Worker.m */; };
		AF509D9B17FB49B10083B3D4 /* Foundation.framework in Frameworks */ = {isa = PBXBuildFile; fileRef = AF509D9A17FB49B10083B3D4 /* Foundation.framework */; };
		AF509D9D17FB49B10083B3D4 /* CoreGraphics.framework in Frameworks */ = {isa = PBXBuildFile; fileRef = AF509D9C17FB49B10083B3D4 /* CoreGraphics.framework */; };
		AF509D9F17FB49B10083B3D4 /* UIKit.framework in Frameworks */ = {isa = PBXBuildFile; fileRef = AF509D9E17FB49B10083B3D4 /* UIKit.framework */; };
		AF509DA517FB49B10083B3D4 /* InfoPlist.strings in Resources */ = {isa = PBXBuildFile; fileRef = AF509DA317FB49B10083B3D4 /* InfoPlist.strings */; };
		AF509DA717FB49B10083B3D4 /* main.m in Sources */ = {isa = PBXBuildFile; fileRef = AF509DA617FB49B10083B3D4 /* main.m */; };
		AF509DAB17FB49B10083B3D4 /* AppDelegate.m in Sources */ = {isa = PBXBuildFile; fileRef = AF509DAA17FB49B10083B3D4 /* AppDelegate.m */; };
		AF509DAE17FB49B10083B3D4 /* Main.storyboard in Resources */ = {isa = PBXBuildFile; fileRef = AF509DAC17FB49B10083B3D4 /* Main.storyboard */; };
		AF509DB117FB49B10083B3D4 /* ViewController.m in Sources */ = {isa = PBXBuildFile; fileRef = AF509DB017FB49B10083B3D4 /* ViewController.m */; };
		AF509DB317FB49B10083B3D4 /* Images.xcassets in Resources */ = {isa = PBXBuildFile; fileRef = AF509DB217FB49B10083B3D4 /* Images.xcassets */; };
		AF509DBA17FB49B10083B3D4 /* XCTest.framework in Frameworks */ = {isa = PBXBuildFile; fileRef = AF509DB917FB49B10083B3D4 /* XCTest.framework */; };
		AF509DBB17FB49B10083B3D4 /* Foundation.framework in Frameworks */ = {isa = PBXBuildFile; fileRef = AF509D9A17FB49B10083B3D4 /* Foundation.framework */; };
		AF509DBC17FB49B10083B3D4 /* UIKit.framework in Frameworks */ = {isa = PBXBuildFile; fileRef = AF509D9E17FB49B10083B3D4 /* UIKit.framework */; };
		AF509DC417FB49B10083B3D4 /* InfoPlist.strings in Resources */ = {isa = PBXBuildFile; fileRef = AF509DC217FB49B10083B3D4 /* InfoPlist.strings */; };
		AF509DC617FB49B10083B3D4 /* TeamUpTests.m in Sources */ = {isa = PBXBuildFile; fileRef = AF509DC517FB49B10083B3D4 /* TeamUpTests.m */; };
		AF712CAF17FDEBA4003A7A74 /* PlayersViewController.m in Sources */ = {isa = PBXBuildFile; fileRef = AF712CAD17FDEBA4003A7A74 /* PlayersViewController.m */; };
		AF712CB017FDEBA4003A7A74 /* PlayersViewController.xib in Resources */ = {isa = PBXBuildFile; fileRef = AF712CAE17FDEBA4003A7A74 /* PlayersViewController.xib */; };
		AF712CB317FDED37003A7A74 /* bg.jpg in Resources */ = {isa = PBXBuildFile; fileRef = AF712CB217FDED37003A7A74 /* bg.jpg */; };
		AF712CB517FDF1E2003A7A74 /* logo.png in Resources */ = {isa = PBXBuildFile; fileRef = AF712CB417FDF1E2003A7A74 /* logo.png */; };
		AF712CB917FDF61A003A7A74 /* AddPlayerViewController.m in Sources */ = {isa = PBXBuildFile; fileRef = AF712CB717FDF61A003A7A74 /* AddPlayerViewController.m */; };
		AF712CBA17FDF61A003A7A74 /* AddPlayerViewController.xib in Resources */ = {isa = PBXBuildFile; fileRef = AF712CB817FDF61A003A7A74 /* AddPlayerViewController.xib */; };
		AF712CBC17FDF8C2003A7A74 /* createplayer.png in Resources */ = {isa = PBXBuildFile; fileRef = AF712CBB17FDF8C2003A7A74 /* createplayer.png */; };
		AF712CBE17FDFA73003A7A74 /* buttonbg.jpg in Resources */ = {isa = PBXBuildFile; fileRef = AF712CBD17FDFA73003A7A74 /* buttonbg.jpg */; };
/* End PBXBuildFile section */

/* Begin PBXContainerItemProxy section */
		AF509DBD17FB49B10083B3D4 /* PBXContainerItemProxy */ = {
			isa = PBXContainerItemProxy;
			containerPortal = AF509D8F17FB49B10083B3D4 /* Project object */;
			proxyType = 1;
			remoteGlobalIDString = AF509D9617FB49B10083B3D4;
			remoteInfo = TeamUp;
		};
/* End PBXContainerItemProxy section */

/* Begin PBXFileReference section */
		AF33A5DB17FB531B00326520 /* libsqlite3.0.dylib */ = {isa = PBXFileReference; lastKnownFileType = "compiled.mach-o.dylib"; name = libsqlite3.0.dylib; path = usr/lib/libsqlite3.0.dylib; sourceTree = SDKROOT; };
		AF33A5DD17FB532500326520 /* libsqlite3.dylib */ = {isa = PBXFileReference; lastKnownFileType = "compiled.mach-o.dylib"; name = libsqlite3.dylib; path = usr/lib/libsqlite3.dylib; sourceTree = SDKROOT; };
		AF33A5DF17FB540200326520 /* Worker.h */ = {isa = PBXFileReference; fileEncoding = 4; lastKnownFileType = sourcecode.c.h; path = Worker.h; sourceTree = "<group>"; };
		AF33A5E017FB540200326520 /* Worker.m */ = {isa = PBXFileReference; fileEncoding = 4; lastKnownFileType = sourcecode.c.objc; path = Worker.m; sourceTree = "<group>"; };
		AF509D9717FB49B10083B3D4 /* TeamUp.app */ = {isa = PBXFileReference; explicitFileType = wrapper.application; includeInIndex = 0; path = TeamUp.app; sourceTree = BUILT_PRODUCTS_DIR; };
		AF509D9A17FB49B10083B3D4 /* Foundation.framework */ = {isa = PBXFileReference; lastKnownFileType = wrapper.framework; name = Foundation.framework; path = System/Library/Frameworks/Foundation.framework; sourceTree = SDKROOT; };
		AF509D9C17FB49B10083B3D4 /* CoreGraphics.framework */ = {isa = PBXFileReference; lastKnownFileType = wrapper.framework; name = CoreGraphics.framework; path = System/Library/Frameworks/CoreGraphics.framework; sourceTree = SDKROOT; };
		AF509D9E17FB49B10083B3D4 /* UIKit.framework */ = {isa = PBXFileReference; lastKnownFileType = wrapper.framework; name = UIKit.framework; path = System/Library/Frameworks/UIKit.framework; sourceTree = SDKROOT; };
		AF509DA217FB49B10083B3D4 /* TeamUp-Info.plist */ = {isa = PBXFileReference; lastKnownFileType = text.plist.xml; path = "TeamUp-Info.plist"; sourceTree = "<group>"; };
		AF509DA417FB49B10083B3D4 /* en */ = {isa = PBXFileReference; lastKnownFileType = text.plist.strings; name = en; path = en.lproj/InfoPlist.strings; sourceTree = "<group>"; };
		AF509DA617FB49B10083B3D4 /* main.m */ = {isa = PBXFileReference; lastKnownFileType = sourcecode.c.objc; path = main.m; sourceTree = "<group>"; };
		AF509DA817FB49B10083B3D4 /* TeamUp-Prefix.pch */ = {isa = PBXFileReference; lastKnownFileType = sourcecode.c.h; path = "TeamUp-Prefix.pch"; sourceTree = "<group>"; };
		AF509DA917FB49B10083B3D4 /* AppDelegate.h */ = {isa = PBXFileReference; lastKnownFileType = sourcecode.c.h; path = AppDelegate.h; sourceTree = "<group>"; };
		AF509DAA17FB49B10083B3D4 /* AppDelegate.m */ = {isa = PBXFileReference; lastKnownFileType = sourcecode.c.objc; path = AppDelegate.m; sourceTree = "<group>"; };
		AF509DAD17FB49B10083B3D4 /* Base */ = {isa = PBXFileReference; lastKnownFileType = file.storyboard; name = Base; path = Base.lproj/Main.storyboard; sourceTree = "<group>"; };
		AF509DAF17FB49B10083B3D4 /* ViewController.h */ = {isa = PBXFileReference; lastKnownFileType = sourcecode.c.h; path = ViewController.h; sourceTree = "<group>"; };
		AF509DB017FB49B10083B3D4 /* ViewController.m */ = {isa = PBXFileReference; lastKnownFileType = sourcecode.c.objc; path = ViewController.m; sourceTree = "<group>"; };
		AF509DB217FB49B10083B3D4 /* Images.xcassets */ = {isa = PBXFileReference; lastKnownFileType = folder.assetcatalog; path = Images.xcassets; sourceTree = "<group>"; };
		AF509DB817FB49B10083B3D4 /* TeamUpTests.xctest */ = {isa = PBXFileReference; explicitFileType = wrapper.cfbundle; includeInIndex = 0; path = TeamUpTests.xctest; sourceTree = BUILT_PRODUCTS_DIR; };
		AF509DB917FB49B10083B3D4 /* XCTest.framework */ = {isa = PBXFileReference; lastKnownFileType = wrapper.framework; name = XCTest.framework; path = Library/Frameworks/XCTest.framework; sourceTree = DEVELOPER_DIR; };
		AF509DC117FB49B10083B3D4 /* TeamUpTests-Info.plist */ = {isa = PBXFileReference; lastKnownFileType = text.plist.xml; path = "TeamUpTests-Info.plist"; sourceTree = "<group>"; };
		AF509DC317FB49B10083B3D4 /* en */ = {isa = PBXFileReference; lastKnownFileType = text.plist.strings; name = en; path = en.lproj/InfoPlist.strings; sourceTree = "<group>"; };
		AF509DC517FB49B10083B3D4 /* TeamUpTests.m */ = {isa = PBXFileReference; lastKnownFileType = sourcecode.c.objc; path = TeamUpTests.m; sourceTree = "<group>"; };
		AF712CAC17FDEBA4003A7A74 /* PlayersViewController.h */ = {isa = PBXFileReference; fileEncoding = 4; lastKnownFileType = sourcecode.c.h; path = PlayersViewController.h; sourceTree = "<group>"; };
		AF712CAD17FDEBA4003A7A74 /* PlayersViewController.m */ = {isa = PBXFileReference; fileEncoding = 4; lastKnownFileType = sourcecode.c.objc; path = PlayersViewController.m; sourceTree = "<group>"; };
		AF712CAE17FDEBA4003A7A74 /* PlayersViewController.xib */ = {isa = PBXFileReference; fileEncoding = 4; lastKnownFileType = file.xib; path = PlayersViewController.xib; sourceTree = "<group>"; };
		AF712CB217FDED37003A7A74 /* bg.jpg */ = {isa = PBXFileReference; lastKnownFileType = image.jpeg; path = bg.jpg; sourceTree = "<group>"; };
		AF712CB417FDF1E2003A7A74 /* logo.png */ = {isa = PBXFileReference; lastKnownFileType = image.png; path = logo.png; sourceTree = "<group>"; };
		AF712CB617FDF61A003A7A74 /* AddPlayerViewController.h */ = {isa = PBXFileReference; fileEncoding = 4; lastKnownFileType = sourcecode.c.h; path = AddPlayerViewController.h; sourceTree = "<group>"; };
		AF712CB717FDF61A003A7A74 /* AddPlayerViewController.m */ = {isa = PBXFileReference; fileEncoding = 4; lastKnownFileType = sourcecode.c.objc; path = AddPlayerViewController.m; sourceTree = "<group>"; };
		AF712CB817FDF61A003A7A74 /* AddPlayerViewController.xib */ = {isa = PBXFileReference; fileEncoding = 4; lastKnownFileType = file.xib; path = AddPlayerViewController.xib; sourceTree = "<group>"; };
		AF712CBB17FDF8C2003A7A74 /* createplayer.png */ = {isa = PBXFileReference; lastKnownFileType = image.png; path = createplayer.png; sourceTree = "<group>"; };
		AF712CBD17FDFA73003A7A74 /* buttonbg.jpg */ = {isa = PBXFileReference; lastKnownFileType = image.jpeg; path = buttonbg.jpg; sourceTree = "<group>"; };
/* End PBXFileReference section */

/* Begin PBXFrameworksBuildPhase section */
		AF509D9417FB49B10083B3D4 /* Frameworks */ = {
			isa = PBXFrameworksBuildPhase;
			buildActionMask = 2147483647;
			files = (
				AF33A5DE17FB532500326520 /* libsqlite3.dylib in Frameworks */,
				AF33A5DC17FB531B00326520 /* libsqlite3.0.dylib in Frameworks */,
				AF509D9D17FB49B10083B3D4 /* CoreGraphics.framework in Frameworks */,
				AF509D9F17FB49B10083B3D4 /* UIKit.framework in Frameworks */,
				AF509D9B17FB49B10083B3D4 /* Foundation.framework in Frameworks */,
			);
			runOnlyForDeploymentPostprocessing = 0;
		};
		AF509DB517FB49B10083B3D4 /* Frameworks */ = {
			isa = PBXFrameworksBuildPhase;
			buildActionMask = 2147483647;
			files = (
				AF509DBA17FB49B10083B3D4 /* XCTest.framework in Frameworks */,
				AF509DBC17FB49B10083B3D4 /* UIKit.framework in Frameworks */,
				AF509DBB17FB49B10083B3D4 /* Foundation.framework in Frameworks */,
			);
			runOnlyForDeploymentPostprocessing = 0;
		};
/* End PBXFrameworksBuildPhase section */

/* Begin PBXGroup section */
		AF509D8E17FB49B10083B3D4 = {
			isa = PBXGroup;
			children = (
				AF509DA017FB49B10083B3D4 /* TeamUp */,
				AF509DBF17FB49B10083B3D4 /* TeamUpTests */,
				AF509D9917FB49B10083B3D4 /* Frameworks */,
				AF509D9817FB49B10083B3D4 /* Products */,
			);
			sourceTree = "<group>";
		};
		AF509D9817FB49B10083B3D4 /* Products */ = {
			isa = PBXGroup;
			children = (
				AF509D9717FB49B10083B3D4 /* TeamUp.app */,
				AF509DB817FB49B10083B3D4 /* TeamUpTests.xctest */,
			);
			name = Products;
			sourceTree = "<group>";
		};
		AF509D9917FB49B10083B3D4 /* Frameworks */ = {
			isa = PBXGroup;
			children = (
				AF33A5DD17FB532500326520 /* libsqlite3.dylib */,
				AF33A5DB17FB531B00326520 /* libsqlite3.0.dylib */,
				AF509D9A17FB49B10083B3D4 /* Foundation.framework */,
				AF509D9C17FB49B10083B3D4 /* CoreGraphics.framework */,
				AF509D9E17FB49B10083B3D4 /* UIKit.framework */,
				AF509DB917FB49B10083B3D4 /* XCTest.framework */,
			);
			name = Frameworks;
			sourceTree = "<group>";
		};
		AF509DA017FB49B10083B3D4 /* TeamUp */ = {
			isa = PBXGroup;
			children = (
				AF712CB117FDED21003A7A74 /* Imgages */,
				AF509DA917FB49B10083B3D4 /* AppDelegate.h */,
				AF509DAA17FB49B10083B3D4 /* AppDelegate.m */,
				AF509DAC17FB49B10083B3D4 /* Main.storyboard */,
				AF509DAF17FB49B10083B3D4 /* ViewController.h */,
				AF509DB017FB49B10083B3D4 /* ViewController.m */,
				AF509DB217FB49B10083B3D4 /* Images.xcassets */,
				AF509DA117FB49B10083B3D4 /* Supporting Files */,
				AF33A5DF17FB540200326520 /* Worker.h */,
				AF33A5E017FB540200326520 /* Worker.m */,
				AF712CAC17FDEBA4003A7A74 /* PlayersViewController.h */,
				AF712CAD17FDEBA4003A7A74 /* PlayersViewController.m */,
				AF712CAE17FDEBA4003A7A74 /* PlayersViewController.xib */,
				AF712CB617FDF61A003A7A74 /* AddPlayerViewController.h */,
				AF712CB717FDF61A003A7A74 /* AddPlayerViewController.m */,
				AF712CB817FDF61A003A7A74 /* AddPlayerViewController.xib */,
			);
			path = TeamUp;
			sourceTree = "<group>";
		};
		AF509DA117FB49B10083B3D4 /* Supporting Files */ = {
			isa = PBXGroup;
			children = (
				AF509DA217FB49B10083B3D4 /* TeamUp-Info.plist */,
				AF509DA317FB49B10083B3D4 /* InfoPlist.strings */,
				AF509DA617FB49B10083B3D4 /* main.m */,
				AF509DA817FB49B10083B3D4 /* TeamUp-Prefix.pch */,
			);
			name = "Supporting Files";
			sourceTree = "<group>";
		};
		AF509DBF17FB49B10083B3D4 /* TeamUpTests */ = {
			isa = PBXGroup;
			children = (
				AF509DC517FB49B10083B3D4 /* TeamUpTests.m */,
				AF509DC017FB49B10083B3D4 /* Supporting Files */,
			);
			path = TeamUpTests;
			sourceTree = "<group>";
		};
		AF509DC017FB49B10083B3D4 /* Supporting Files */ = {
			isa = PBXGroup;
			children = (
				AF509DC117FB49B10083B3D4 /* TeamUpTests-Info.plist */,
				AF509DC217FB49B10083B3D4 /* InfoPlist.strings */,
			);
			name = "Supporting Files";
			sourceTree = "<group>";
		};
		AF712CB117FDED21003A7A74 /* Imgages */ = {
			isa = PBXGroup;
			children = (
				AF712CBD17FDFA73003A7A74 /* buttonbg.jpg */,
				AF712CBB17FDF8C2003A7A74 /* createplayer.png */,
				AF712CB417FDF1E2003A7A74 /* logo.png */,
				AF712CB217FDED37003A7A74 /* bg.jpg */,
			);
			name = Imgages;
			sourceTree = "<group>";
		};
/* End PBXGroup section */

/* Begin PBXNativeTarget section */
		AF509D9617FB49B10083B3D4 /* TeamUp */ = {
			isa = PBXNativeTarget;
			buildConfigurationList = AF509DC917FB49B10083B3D4 /* Build configuration list for PBXNativeTarget "TeamUp" */;
			buildPhases = (
				AF509D9317FB49B10083B3D4 /* Sources */,
				AF509D9417FB49B10083B3D4 /* Frameworks */,
				AF509D9517FB49B10083B3D4 /* Resources */,
			);
			buildRules = (
			);
			dependencies = (
			);
			name = TeamUp;
			productName = TeamUp;
			productReference = AF509D9717FB49B10083B3D4 /* TeamUp.app */;
			productType = "com.apple.product-type.application";
		};
		AF509DB717FB49B10083B3D4 /* TeamUpTests */ = {
			isa = PBXNativeTarget;
			buildConfigurationList = AF509DCC17FB49B10083B3D4 /* Build configuration list for PBXNativeTarget "TeamUpTests" */;
			buildPhases = (
				AF509DB417FB49B10083B3D4 /* Sources */,
				AF509DB517FB49B10083B3D4 /* Frameworks */,
				AF509DB617FB49B10083B3D4 /* Resources */,
			);
			buildRules = (
			);
			dependencies = (
				AF509DBE17FB49B10083B3D4 /* PBXTargetDependency */,
			);
			name = TeamUpTests;
			productName = TeamUpTests;
			productReference = AF509DB817FB49B10083B3D4 /* TeamUpTests.xctest */;
			productType = "com.apple.product-type.bundle.unit-test";
		};
/* End PBXNativeTarget section */

/* Begin PBXProject section */
		AF509D8F17FB49B10083B3D4 /* Project object */ = {
			isa = PBXProject;
			attributes = {
				LastUpgradeCheck = 0500;
				ORGANIZATIONNAME = "Henrik Heggland";
				TargetAttributes = {
					AF509DB717FB49B10083B3D4 = {
						TestTargetID = AF509D9617FB49B10083B3D4;
					};
				};
			};
			buildConfigurationList = AF509D9217FB49B10083B3D4 /* Build configuration list for PBXProject "TeamUp" */;
			compatibilityVersion = "Xcode 3.2";
			developmentRegion = English;
			hasScannedForEncodings = 0;
			knownRegions = (
				en,
				Base,
			);
			mainGroup = AF509D8E17FB49B10083B3D4;
			productRefGroup = AF509D9817FB49B10083B3D4 /* Products */;
			projectDirPath = "";
			projectRoot = "";
			targets = (
				AF509D9617FB49B10083B3D4 /* TeamUp */,
				AF509DB717FB49B10083B3D4 /* TeamUpTests */,
			);
		};
/* End PBXProject section */

/* Begin PBXResourcesBuildPhase section */
		AF509D9517FB49B10083B3D4 /* Resources */ = {
			isa = PBXResourcesBuildPhase;
			buildActionMask = 2147483647;
			files = (
				AF712CBA17FDF61A003A7A74 /* AddPlayerViewController.xib in Resources */,
				AF712CB317FDED37003A7A74 /* bg.jpg in Resources */,
				AF712CBE17FDFA73003A7A74 /* buttonbg.jpg in Resources */,
				AF509DB317FB49B10083B3D4 /* Images.xcassets in Resources */,
				AF712CB517FDF1E2003A7A74 /* logo.png in Resources */,
				AF712CBC17FDF8C2003A7A74 /* createplayer.png in Resources */,
				AF712CB017FDEBA4003A7A74 /* PlayersViewController.xib in Resources */,
				AF509DA517FB49B10083B3D4 /* InfoPlist.strings in Resources */,
				AF509DAE17FB49B10083B3D4 /* Main.storyboard in Resources */,
			);
			runOnlyForDeploymentPostprocessing = 0;
		};
		AF509DB617FB49B10083B3D4 /* Resources */ = {
			isa = PBXResourcesBuildPhase;
			buildActionMask = 2147483647;
			files = (
				AF509DC417FB49B10083B3D4 /* InfoPlist.strings in Resources */,
			);
			runOnlyForDeploymentPostprocessing = 0;
		};
/* End PBXResourcesBuildPhase section */

/* Begin PBXSourcesBuildPhase section */
		AF509D9317FB49B10083B3D4 /* Sources */ = {
			isa = PBXSourcesBuildPhase;
			buildActionMask = 2147483647;
			files = (
				AF509DB117FB49B10083B3D4 /* ViewController.m in Sources */,
				AF712CAF17FDEBA4003A7A74 /* PlayersViewController.m in Sources */,
				AF33A5E117FB540200326520 /* Worker.m in Sources */,
				AF509DAB17FB49B10083B3D4 /* AppDelegate.m in Sources */,
				AF509DA717FB49B10083B3D4 /* main.m in Sources */,
				AF712CB917FDF61A003A7A74 /* AddPlayerViewController.m in Sources */,
			);
			runOnlyForDeploymentPostprocessing = 0;
		};
		AF509DB417FB49B10083B3D4 /* Sources */ = {
			isa = PBXSourcesBuildPhase;
			buildActionMask = 2147483647;
			files = (
				AF509DC617FB49B10083B3D4 /* TeamUpTests.m in Sources */,
			);
			runOnlyForDeploymentPostprocessing = 0;
		};
/* End PBXSourcesBuildPhase section */

/* Begin PBXTargetDependency section */
		AF509DBE17FB49B10083B3D4 /* PBXTargetDependency */ = {
			isa = PBXTargetDependency;
			target = AF509D9617FB49B10083B3D4 /* TeamUp */;
			targetProxy = AF509DBD17FB49B10083B3D4 /* PBXContainerItemProxy */;
		};
/* End PBXTargetDependency section */

/* Begin PBXVariantGroup section */
		AF509DA317FB49B10083B3D4 /* InfoPlist.strings */ = {
			isa = PBXVariantGroup;
			children = (
				AF509DA417FB49B10083B3D4 /* en */,
			);
			name = InfoPlist.strings;
			sourceTree = "<group>";
		};
		AF509DAC17FB49B10083B3D4 /* Main.storyboard */ = {
			isa = PBXVariantGroup;
			children = (
				AF509DAD17FB49B10083B3D4 /* Base */,
			);
			name = Main.storyboard;
			sourceTree = "<group>";
		};
		AF509DC217FB49B10083B3D4 /* InfoPlist.strings */ = {
			isa = PBXVariantGroup;
			children = (
				AF509DC317FB49B10083B3D4 /* en */,
			);
			name = InfoPlist.strings;
			sourceTree = "<group>";
		};
/* End PBXVariantGroup section */

/* Begin XCBuildConfiguration section */
		AF509DC717FB49B10083B3D4 /* Debug */ = {
			isa = XCBuildConfiguration;
			buildSettings = {
				ALWAYS_SEARCH_USER_PATHS = NO;
				ARCHS = "$(ARCHS_STANDARD_INCLUDING_64_BIT)";
				CLANG_CXX_LANGUAGE_STANDARD = "gnu++0x";
				CLANG_CXX_LIBRARY = "libc++";
				CLANG_ENABLE_MODULES = YES;
				CLANG_ENABLE_OBJC_ARC = YES;
				CLANG_WARN_BOOL_CONVERSION = YES;
				CLANG_WARN_CONSTANT_CONVERSION = YES;
				CLANG_WARN_DIRECT_OBJC_ISA_USAGE = YES_ERROR;
				CLANG_WARN_EMPTY_BODY = YES;
				CLANG_WARN_ENUM_CONVERSION = YES;
				CLANG_WARN_INT_CONVERSION = YES;
				CLANG_WARN_OBJC_ROOT_CLASS = YES_ERROR;
				CLANG_WARN__DUPLICATE_METHOD_MATCH = YES;
				"CODE_SIGN_IDENTITY[sdk=iphoneos*]" = "iPhone Developer";
				COPY_PHASE_STRIP = NO;
				GCC_C_LANGUAGE_STANDARD = gnu99;
				GCC_DYNAMIC_NO_PIC = NO;
				GCC_OPTIMIZATION_LEVEL = 0;
				GCC_PREPROCESSOR_DEFINITIONS = (
					"DEBUG=1",
					"$(inherited)",
				);
				GCC_SYMBOLS_PRIVATE_EXTERN = NO;
				GCC_WARN_64_TO_32_BIT_CONVERSION = YES;
				GCC_WARN_ABOUT_RETURN_TYPE = YES_ERROR;
				GCC_WARN_UNDECLARED_SELECTOR = YES;
				GCC_WARN_UNINITIALIZED_AUTOS = YES;
				GCC_WARN_UNUSED_FUNCTION = YES;
				GCC_WARN_UNUSED_VARIABLE = YES;
				IPHONEOS_DEPLOYMENT_TARGET = 7.0;
				ONLY_ACTIVE_ARCH = YES;
				SDKROOT = iphoneos;
			};
			name = Debug;
		};
		AF509DC817FB49B10083B3D4 /* Release */ = {
			isa = XCBuildConfiguration;
			buildSettings = {
				ALWAYS_SEARCH_USER_PATHS = NO;
				ARCHS = "$(ARCHS_STANDARD_INCLUDING_64_BIT)";
				CLANG_CXX_LANGUAGE_STANDARD = "gnu++0x";
				CLANG_CXX_LIBRARY = "libc++";
				CLANG_ENABLE_MODULES = YES;
				CLANG_ENABLE_OBJC_ARC = YES;
				CLANG_WARN_BOOL_CONVERSION = YES;
				CLANG_WARN_CONSTANT_CONVERSION = YES;
				CLANG_WARN_DIRECT_OBJC_ISA_USAGE = YES_ERROR;
				CLANG_WARN_EMPTY_BODY = YES;
				CLANG_WARN_ENUM_CONVERSION = YES;
				CLANG_WARN_INT_CONVERSION = YES;
				CLANG_WARN_OBJC_ROOT_CLASS = YES_ERROR;
				CLANG_WARN__DUPLICATE_METHOD_MATCH = YES;
				"CODE_SIGN_IDENTITY[sdk=iphoneos*]" = "iPhone Developer";
				COPY_PHASE_STRIP = YES;
				ENABLE_NS_ASSERTIONS = NO;
				GCC_C_LANGUAGE_STANDARD = gnu99;
				GCC_WARN_64_TO_32_BIT_CONVERSION = YES;
				GCC_WARN_ABOUT_RETURN_TYPE = YES_ERROR;
				GCC_WARN_UNDECLARED_SELECTOR = YES;
				GCC_WARN_UNINITIALIZED_AUTOS = YES;
				GCC_WARN_UNUSED_FUNCTION = YES;
				GCC_WARN_UNUSED_VARIABLE = YES;
				IPHONEOS_DEPLOYMENT_TARGET = 7.0;
				SDKROOT = iphoneos;
				VALIDATE_PRODUCT = YES;
			};
			name = Release;
		};
		AF509DCA17FB49B10083B3D4 /* Debug */ = {
			isa = XCBuildConfiguration;
			buildSettings = {
				ASSETCATALOG_COMPILER_APPICON_NAME = AppIcon;
				ASSETCATALOG_COMPILER_LAUNCHIMAGE_NAME = LaunchImage;
				GCC_PRECOMPILE_PREFIX_HEADER = YES;
				GCC_PREFIX_HEADER = "TeamUp/TeamUp-Prefix.pch";
				INFOPLIST_FILE = "TeamUp/TeamUp-Info.plist";
				PRODUCT_NAME = "$(TARGET_NAME)";
				WRAPPER_EXTENSION = app;
			};
			name = Debug;
		};
		AF509DCB17FB49B10083B3D4 /* Release */ = {
			isa = XCBuildConfiguration;
			buildSettings = {
				ASSETCATALOG_COMPILER_APPICON_NAME = AppIcon;
				ASSETCATALOG_COMPILER_LAUNCHIMAGE_NAME = LaunchImage;
				GCC_PRECOMPILE_PREFIX_HEADER = YES;
				GCC_PREFIX_HEADER = "TeamUp/TeamUp-Prefix.pch";
				INFOPLIST_FILE = "TeamUp/TeamUp-Info.plist";
				PRODUCT_NAME = "$(TARGET_NAME)";
				WRAPPER_EXTENSION = app;
			};
			name = Release;
		};
		AF509DCD17FB49B10083B3D4 /* Debug */ = {
			isa = XCBuildConfiguration;
			buildSettings = {
				ARCHS = "$(ARCHS_STANDARD_INCLUDING_64_BIT)";
				BUNDLE_LOADER = "$(BUILT_PRODUCTS_DIR)/TeamUp.app/TeamUp";
				FRAMEWORK_SEARCH_PATHS = (
					"$(SDKROOT)/Developer/Library/Frameworks",
					"$(inherited)",
					"$(DEVELOPER_FRAMEWORKS_DIR)",
				);
				GCC_PRECOMPILE_PREFIX_HEADER = YES;
				GCC_PREFIX_HEADER = "TeamUp/TeamUp-Prefix.pch";
				GCC_PREPROCESSOR_DEFINITIONS = (
					"DEBUG=1",
					"$(inherited)",
				);
				INFOPLIST_FILE = "TeamUpTests/TeamUpTests-Info.plist";
				PRODUCT_NAME = "$(TARGET_NAME)";
				TEST_HOST = "$(BUNDLE_LOADER)";
				WRAPPER_EXTENSION = xctest;
			};
			name = Debug;
		};
		AF509DCE17FB49B10083B3D4 /* Release */ = {
			isa = XCBuildConfiguration;
			buildSettings = {
				ARCHS = "$(ARCHS_STANDARD_INCLUDING_64_BIT)";
				BUNDLE_LOADER = "$(BUILT_PRODUCTS_DIR)/TeamUp.app/TeamUp";
				FRAMEWORK_SEARCH_PATHS = (
					"$(SDKROOT)/Developer/Library/Frameworks",
					"$(inherited)",
					"$(DEVELOPER_FRAMEWORKS_DIR)",
				);
				GCC_PRECOMPILE_PREFIX_HEADER = YES;
				GCC_PREFIX_HEADER = "TeamUp/TeamUp-Prefix.pch";
				INFOPLIST_FILE = "TeamUpTests/TeamUpTests-Info.plist";
				PRODUCT_NAME = "$(TARGET_NAME)";
				TEST_HOST = "$(BUNDLE_LOADER)";
				WRAPPER_EXTENSION = xctest;
			};
			name = Release;
		};
/* End XCBuildConfiguration section */

/* Begin XCConfigurationList section */
		AF509D9217FB49B10083B3D4 /* Build configuration list for PBXProject "TeamUp" */ = {
			isa = XCConfigurationList;
			buildConfigurations = (
				AF509DC717FB49B10083B3D4 /* Debug */,
				AF509DC817FB49B10083B3D4 /* Release */,
			);
			defaultConfigurationIsVisible = 0;
			defaultConfigurationName = Release;
		};
		AF509DC917FB49B10083B3D4 /* Build configuration list for PBXNativeTarget "TeamUp" */ = {
			isa = XCConfigurationList;
			buildConfigurations = (
				AF509DCA17FB49B10083B3D4 /* Debug */,
				AF509DCB17FB49B10083B3D4 /* Release */,
			);
			defaultConfigurationIsVisible = 0;
			defaultConfigurationName = Release;
		};
		AF509DCC17FB49B10083B3D4 /* Build configuration list for PBXNativeTarget "TeamUpTests" */ = {
			isa = XCConfigurationList;
			buildConfigurations = (
				AF509DCD17FB49B10083B3D4 /* Debug */,
				AF509DCE17FB49B10083B3D4 /* Release */,
			);
			defaultConfigurationIsVisible = 0;
			defaultConfigurationName = Release;
		};
/* End XCConfigurationList section */
	};
	rootObject = AF509D8F17FB49B10083B3D4 /* Project object */;
}
